<?xml version="1.0" encoding="utf-8"?>
<Project ToolsVersion="4.0" xmlns="http://schemas.microsoft.com/developer/msbuild/2003">
  <ItemGroup>
    <Filter Include="GameState">
      <UniqueIdentifier>{8a15f6c7-7d4d-4587-b2c2-a08d9988fbd9}</UniqueIdentifier>
    </Filter>
    <Filter Include="Util">
      <UniqueIdentifier>{5fb7c72e-a708-4ed3-b198-e9b21a50f037}</UniqueIdentifier>
    </Filter>
    <Filter Include="Core">
      <UniqueIdentifier>{d285f78d-0f27-4581-8fd3-696041d2aa0b}</UniqueIdentifier>
    </Filter>
    <Filter Include="Input">
      <UniqueIdentifier>{9ddbfc3e-fbe4-42c2-93b7-34417745e662}</UniqueIdentifier>
    </Filter>
    <Filter Include="Entity">
      <UniqueIdentifier>{b0009ab1-e9a1-460d-b773-38ffd6b76cc8}</UniqueIdentifier>
    </Filter>
    <Filter Include="Graphics">
      <UniqueIdentifier>{5f899ab5-363d-4802-a1b9-3fcb018e8870}</UniqueIdentifier>
    </Filter>
  </ItemGroup>
  <ItemGroup>
    <ClCompile Include="Application.cpp">
      <Filter>Core</Filter>
    </ClCompile>
    <ClCompile Include="Game.cpp">
      <Filter>Core</Filter>
    </ClCompile>
    <ClCompile Include="Timer.cpp">
      <Filter>Util</Filter>
    </ClCompile>
    <ClCompile Include="GameStateManager.cpp">
      <Filter>GameState</Filter>
    </ClCompile>
    <ClCompile Include="PlayState.cpp">
      <Filter>GameState</Filter>
    </ClCompile>
    <ClCompile Include="MainMenuState.cpp">
      <Filter>GameState</Filter>
    </ClCompile>
    <ClCompile Include="InputManager.cpp">
      <Filter>Input</Filter>
    </ClCompile>
    <ClCompile Include="Vector2.cpp">
      <Filter>Util</Filter>
    </ClCompile>
    <ClCompile Include="AssetManager.cpp">
      <Filter>Graphics</Filter>
    </ClCompile>
    <ClCompile Include="Button.cpp">
      <Filter>Input</Filter>
    </ClCompile>
    <ClCompile Include="Player.cpp">
      <Filter>Entity</Filter>
    </ClCompile>
    <ClCompile Include="Ball.cpp">
      <Filter>Entity</Filter>
    </ClCompile>
    <ClCompile Include="Enemy.cpp">
      <Filter>Entity</Filter>
    </ClCompile>
    <ClCompile Include="NumberRenderer.cpp">
      <Filter>Graphics</Filter>
    </ClCompile>
  </ItemGroup>
  <ItemGroup>
    <ClInclude Include="Game.h">
      <Filter>Core</Filter>
    </ClInclude>
    <ClInclude Include="Logger.h">
      <Filter>Util</Filter>
    </ClInclude>
    <ClInclude Include="Timer.h">
      <Filter>Util</Filter>
    </ClInclude>
    <ClInclude Include="GameStateManager.h">
      <Filter>GameState</Filter>
    </ClInclude>
    <ClInclude Include="GameState.h">
      <Filter>GameState</Filter>
    </ClInclude>
    <ClInclude Include="PlayState.h">
      <Filter>GameState</Filter>
    </ClInclude>
    <ClInclude Include="MainMenuState.h">
      <Filter>GameState</Filter>
    </ClInclude>
    <ClInclude Include="InputManager.h">
      <Filter>Input</Filter>
    </ClInclude>
    <ClInclude Include="Vector2.h">
      <Filter>Util</Filter>
    </ClInclude>
    <ClInclude Include="AssetManager.h">
      <Filter>Graphics</Filter>
    </ClInclude>
    <ClInclude Include="Button.h">
      <Filter>Input</Filter>
    </ClInclude>
    <ClInclude Include="Entity.h">
      <Filter>Entity</Filter>
    </ClInclude>
    <ClInclude Include="Player.h">
      <Filter>Entity</Filter>
    </ClInclude>
    <ClInclude Include="Ball.h">
      <Filter>Entity</Filter>
    </ClInclude>
    <ClInclude Include="Enemy.h">
      <Filter>Entity</Filter>
    </ClInclude>
    <ClInclude Include="NumberRenderer.h">
      <Filter>Graphics</Filter>
    </ClInclude>
  </ItemGroup>
</Project>